lock_version: 1

package:
  distribution: orinoco-lite
  version: "0.3.0rc7"
  url: "https://github.com/ORINOCO-Lite/orinoco-lite-dev/releases/download/v0.3.0rc7/orinoco_lite-0.3.0rc7-py3-none-any.whl"
  sha256: "2127b2b95ef0a9c7c9573fdc064924601d3e61c95752a6a7e9f479273f883ba9"

template:
  source: "gh:ORINOCO-Lite/orinoco-lite-template"
  version: "v0.3.0rc3"

workflow:
  repository: "ORINOCO-Lite/orinoco-lite-dev"
  sha: "41d349ed2680d89044596800e3af6b6f7e133b72"
  ref: "ORINOCO-Lite/orinoco-lite-dev/.github/workflows/orinoco-consumer-ci.yml@41d349ed2680d89044596800e3af6b6f7e133b72"
